
Microsoft Visual Studio Solution File, Format Version 12.00
# Visual Studio 14
VisualStudioVersion = 14.0.23107.0
MinimumVisualStudioVersion = 10.0.40219.1
Project("{FAE04EC0-301F-11D3-BF4B-00C04F79EFBC}") = "VCSJones.FiddlerCert", "VCSJones.FiddlerCert\VCSJones.FiddlerCert.csproj", "{3B4F904F-BED4-441C-9351-918CA16A7006}"
EndProject
Project("{FAE04EC0-301F-11D3-BF4B-00C04F79EFBC}") = "VCSJones.FiddlerCert.UnitTests", "VCSJones.FiddlerCert.UnitTests\VCSJones.FiddlerCert.UnitTests.csproj", "{7EBF08C8-303F-4784-85AB-C3C00CFF5A5F}"
EndProject
Global
	GlobalSection(SolutionConfigurationPlatforms) = preSolution
		Debug|Any CPU = Debug|Any CPU
		Release|Any CPU = Release|Any CPU
	EndGlobalSection
	GlobalSection(ProjectConfigurationPlatforms) = postSolution
		{3B4F904F-BED4-441C-9351-918CA16A7006}.Debug|Any CPU.ActiveCfg = Debug|Any CPU
		{3B4F904F-BED4-441C-9351-918CA16A7006}.Debug|Any CPU.Build.0 = Debug|Any CPU
		{3B4F904F-BED4-441C-9351-918CA16A7006}.Release|Any CPU.ActiveCfg = Release|Any CPU
		{3B4F904F-BED4-441C-9351-918CA16A7006}.Release|Any CPU.Build.0 = Release|Any CPU
		{7EBF08C8-303F-4784-85AB-C3C00CFF5A5F}.Debug|Any CPU.ActiveCfg = Debug|Any CPU
		{7EBF08C8-303F-4784-85AB-C3C00CFF5A5F}.Debug|Any CPU.Build.0 = Debug|Any CPU
		{7EBF08C8-303F-4784-85AB-C3C00CFF5A5F}.Release|Any CPU.ActiveCfg = Release|Any CPU
		{7EBF08C8-303F-4784-85AB-C3C00CFF5A5F}.Release|Any CPU.Build.0 = Release|Any CPU
	EndGlobalSection
	GlobalSection(SolutionProperties) = preSolution
		HideSolutionNode = FALSE
	EndGlobalSection
EndGlobal
